
Microsoft Visual Studio Solution File, Format Version 12.00
# Visual Studio Version 16
VisualStudioVersion = 16.0.29519.87
MinimumVisualStudioVersion = 10.0.40219.1
Project("{FAE04EC0-301F-11D3-BF4B-00C04F79EFBC}") = "ML-Dot-Net-Core_Research", "ML-Dot-Net-Core_Research\ML-Dot-Net-Core_Research.csproj", "{A7C92CF8-441E-446D-9263-34A7515582C1}"
EndProject
Project("{9A19103F-16F7-4668-BE54-9A1E7A4F7556}") = "ML-Dot-Net-Core_ResearchML.Model", "ML-Dot-Net-Core_ResearchML.Model\ML-Dot-Net-Core_ResearchML.Model.csproj", "{C14B8EDF-DD07-4144-B1E7-1D0B07A5430A}"
EndProject
Project("{9A19103F-16F7-4668-BE54-9A1E7A4F7556}") = "ML-Dot-Net-Core_ResearchML.ConsoleApp", "ML-Dot-Net-Core_ResearchML.ConsoleApp\ML-Dot-Net-Core_ResearchML.ConsoleApp.csproj", "{681ED999-806A-4638-984E-DF5E082421EA}"
EndProject
Global
	GlobalSection(SolutionConfigurationPlatforms) = preSolution
		Debug|Any CPU = Debug|Any CPU
		Release|Any CPU = Release|Any CPU
	EndGlobalSection
	GlobalSection(ProjectConfigurationPlatforms) = postSolution
		{A7C92CF8-441E-446D-9263-34A7515582C1}.Debug|Any CPU.ActiveCfg = Debug|Any CPU
		{A7C92CF8-441E-446D-9263-34A7515582C1}.Debug|Any CPU.Build.0 = Debug|Any CPU
		{A7C92CF8-441E-446D-9263-34A7515582C1}.Release|Any CPU.ActiveCfg = Release|Any CPU
		{A7C92CF8-441E-446D-9263-34A7515582C1}.Release|Any CPU.Build.0 = Release|Any CPU
		{C14B8EDF-DD07-4144-B1E7-1D0B07A5430A}.Debug|Any CPU.ActiveCfg = Debug|Any CPU
		{C14B8EDF-DD07-4144-B1E7-1D0B07A5430A}.Debug|Any CPU.Build.0 = Debug|Any CPU
		{C14B8EDF-DD07-4144-B1E7-1D0B07A5430A}.Release|Any CPU.ActiveCfg = Release|Any CPU
		{C14B8EDF-DD07-4144-B1E7-1D0B07A5430A}.Release|Any CPU.Build.0 = Release|Any CPU
		{681ED999-806A-4638-984E-DF5E082421EA}.Debug|Any CPU.ActiveCfg = Debug|Any CPU
		{681ED999-806A-4638-984E-DF5E082421EA}.Debug|Any CPU.Build.0 = Debug|Any CPU
		{681ED999-806A-4638-984E-DF5E082421EA}.Release|Any CPU.ActiveCfg = Release|Any CPU
		{681ED999-806A-4638-984E-DF5E082421EA}.Release|Any CPU.Build.0 = Release|Any CPU
	EndGlobalSection
	GlobalSection(SolutionProperties) = preSolution
		HideSolutionNode = FALSE
	EndGlobalSection
	GlobalSection(ExtensibilityGlobals) = postSolution
		SolutionGuid = {514B5746-F791-4A2F-8E15-FED3C738F841}
	EndGlobalSection
EndGlobal
